
Microsoft Visual Studio Solution File, Format Version 12.00
# Visual Studio Version 17
VisualStudioVersion = 17.14.36518.9 d17.14
MinimumVisualStudioVersion = 10.0.40219.1
Project("{FAE04EC0-301F-11D3-BF4B-00C04F79EFBC}") = "MazeSolver", "MazeSolver.csproj", "{18E0B3CF-3237-4F80-B32B-13E2B7095EA4}"
EndProject
Global
	GlobalSection(SolutionConfigurationPlatforms) = preSolution
		Debug|Any CPU = Debug|Any CPU
		Release|Any CPU = Release|Any CPU
	EndGlobalSection
	GlobalSection(ProjectConfigurationPlatforms) = postSolution
		{18E0B3CF-3237-4F80-B32B-13E2B7095EA4}.Debug|Any CPU.ActiveCfg = Debug|Any CPU
		{18E0B3CF-3237-4F80-B32B-13E2B7095EA4}.Debug|Any CPU.Build.0 = Debug|Any CPU
		{18E0B3CF-3237-4F80-B32B-13E2B7095EA4}.Release|Any CPU.ActiveCfg = Release|Any CPU
		{18E0B3CF-3237-4F80-B32B-13E2B7095EA4}.Release|Any CPU.Build.0 = Release|Any CPU
	EndGlobalSection
	GlobalSection(SolutionProperties) = preSolution
		HideSolutionNode = FALSE
	EndGlobalSection
	GlobalSection(ExtensibilityGlobals) = postSolution
		SolutionGuid = {77DAAF6B-CF64-42DA-917E-D0BE54FC4A25}
	EndGlobalSection
EndGlobal
